
Microsoft Visual Studio Solution File, Format Version 12.00
# Visual Studio 14
VisualStudioVersion = 14.0.25420.1
MinimumVisualStudioVersion = 10.0.40219.1
Project("{FAE04EC0-301F-11D3-BF4B-00C04F79EFBC}") = "ChromaKey", "ChromaKey\ChromaKey.csproj", "{D792078B-10FC-438A-8B87-26B55253FCD3}"
EndProject
Project("{FAE04EC0-301F-11D3-BF4B-00C04F79EFBC}") = "WPFShaderEffectLibrary", "ShaderEffectLibrary\WPFShaderEffectLibrary.csproj", "{967D61A9-C8F0-4C2A-A784-6CDA648ECB19}"
EndProject
Global
	GlobalSection(SolutionConfigurationPlatforms) = preSolution
		Debug|Any CPU = Debug|Any CPU
		Release|Any CPU = Release|Any CPU
	EndGlobalSection
	GlobalSection(ProjectConfigurationPlatforms) = postSolution
		{D792078B-10FC-438A-8B87-26B55253FCD3}.Debug|Any CPU.ActiveCfg = Debug|Any CPU
		{D792078B-10FC-438A-8B87-26B55253FCD3}.Debug|Any CPU.Build.0 = Debug|Any CPU
		{D792078B-10FC-438A-8B87-26B55253FCD3}.Release|Any CPU.ActiveCfg = Release|Any CPU
		{D792078B-10FC-438A-8B87-26B55253FCD3}.Release|Any CPU.Build.0 = Release|Any CPU
		{967D61A9-C8F0-4C2A-A784-6CDA648ECB19}.Debug|Any CPU.ActiveCfg = Debug|Any CPU
		{967D61A9-C8F0-4C2A-A784-6CDA648ECB19}.Debug|Any CPU.Build.0 = Debug|Any CPU
		{967D61A9-C8F0-4C2A-A784-6CDA648ECB19}.Release|Any CPU.ActiveCfg = Release|Any CPU
		{967D61A9-C8F0-4C2A-A784-6CDA648ECB19}.Release|Any CPU.Build.0 = Release|Any CPU
	EndGlobalSection
	GlobalSection(SolutionProperties) = preSolution
		HideSolutionNode = FALSE
	EndGlobalSection
	GlobalSection(ExtensibilityGlobals) = postSolution
		SolutionGuid = {8433282C-367B-42F3-8844-F0A42E806E87}
	EndGlobalSection
EndGlobal
